
Microsoft Visual Studio Solution File, Format Version 12.00
# Visual Studio 15
VisualStudioVersion = 15.0.28307.168
MinimumVisualStudioVersion = 10.0.40219.1
Project("{FAE04EC0-301F-11D3-BF4B-00C04F79EFBC}") = "C0725450-Assignment4", "C0725450-Assignment4\C0725450-Assignment4.csproj", "{96CC42D8-FE38-4D41-947A-EDDB6BC03147}"
EndProject
Global
	GlobalSection(SolutionConfigurationPlatforms) = preSolution
		Debug|Any CPU = Debug|Any CPU
		Release|Any CPU = Release|Any CPU
	EndGlobalSection
	GlobalSection(ProjectConfigurationPlatforms) = postSolution
		{96CC42D8-FE38-4D41-947A-EDDB6BC03147}.Debug|Any CPU.ActiveCfg = Debug|Any CPU
		{96CC42D8-FE38-4D41-947A-EDDB6BC03147}.Debug|Any CPU.Build.0 = Debug|Any CPU
		{96CC42D8-FE38-4D41-947A-EDDB6BC03147}.Release|Any CPU.ActiveCfg = Release|Any CPU
		{96CC42D8-FE38-4D41-947A-EDDB6BC03147}.Release|Any CPU.Build.0 = Release|Any CPU
	EndGlobalSection
	GlobalSection(SolutionProperties) = preSolution
		HideSolutionNode = FALSE
	EndGlobalSection
	GlobalSection(ExtensibilityGlobals) = postSolution
		SolutionGuid = {790AA554-7EFE-4861-A344-69A9AF2722D4}
	EndGlobalSection
EndGlobal
